
Microsoft Visual Studio Solution File, Format Version 12.00
# Visual Studio Version 17
VisualStudioVersion = 17.10.34916.146
MinimumVisualStudioVersion = 10.0.40219.1
Project("{FAE04EC0-301F-11D3-BF4B-00C04F79EFBC}") = "ITBuildGroupTestTask", "ITBuildGroupTestTask.csproj", "{A33C3AAE-6678-488F-804E-399CB168F979}"
EndProject
Global
	GlobalSection(SolutionConfigurationPlatforms) = preSolution
		Debug|Any CPU = Debug|Any CPU
		Release|Any CPU = Release|Any CPU
	EndGlobalSection
	GlobalSection(ProjectConfigurationPlatforms) = postSolution
		{A33C3AAE-6678-488F-804E-399CB168F979}.Debug|Any CPU.ActiveCfg = Debug|Any CPU
		{A33C3AAE-6678-488F-804E-399CB168F979}.Debug|Any CPU.Build.0 = Debug|Any CPU
		{A33C3AAE-6678-488F-804E-399CB168F979}.Release|Any CPU.ActiveCfg = Release|Any CPU
		{A33C3AAE-6678-488F-804E-399CB168F979}.Release|Any CPU.Build.0 = Release|Any CPU
	EndGlobalSection
	GlobalSection(SolutionProperties) = preSolution
		HideSolutionNode = FALSE
	EndGlobalSection
	GlobalSection(ExtensibilityGlobals) = postSolution
		SolutionGuid = {04E40214-7EDB-4F60-BFC8-C2937913E3C1}
	EndGlobalSection
EndGlobal
